lockfileVersion: '9.0'

settings:
  autoInstallPeers: true
  excludeLinksFromLockfile: false

importers:

  .:
    devDependencies:
      '@biomejs/biome':
        specifier: 2.0.6
        version: 2.0.6
      dprint:
        specifier: ^0.50.0
        version: 0.50.1

packages:

  '@biomejs/biome@2.0.6':
    resolution: {integrity: sha512-RRP+9cdh5qwe2t0gORwXaa27oTOiQRQvrFf49x2PA1tnpsyU7FIHX4ZOFMtBC4QNtyWsN7Dqkf5EDbg4X+9iqA==}
    engines: {node: '>=14.21.3'}
    hasBin: true

  '@biomejs/cli-darwin-arm64@2.0.6':
    resolution: {integrity: sha512-AzdiNNjNzsE6LfqWyBvcL29uWoIuZUkndu+wwlXW13EKcBHbbKjNQEZIJKYDc6IL+p7bmWGx3v9ZtcRyIoIz5A==}
    engines: {node: '>=14.21.3'}
    cpu: [arm64]
    os: [darwin]

  '@biomejs/cli-darwin-x64@2.0.6':
    resolution: {integrity: sha512-wJjjP4E7bO4WJmiQaLnsdXMa516dbtC6542qeRkyJg0MqMXP0fvs4gdsHhZ7p9XWTAmGIjZHFKXdsjBvKGIJJQ==}
    engines: {node: '>=14.21.3'}
    cpu: [x64]
    os: [darwin]

  '@biomejs/cli-linux-arm64-musl@2.0.6':
    resolution: {integrity: sha512-CVPEMlin3bW49sBqLBg2x016Pws7eUXA27XYDFlEtponD0luYjg2zQaMJ2nOqlkKG9fqzzkamdYxHdMDc2gZFw==}
    engines: {node: '>=14.21.3'}
    cpu: [arm64]
    os: [linux]

  '@biomejs/cli-linux-arm64@2.0.6':
    resolution: {integrity: sha512-ZSVf6TYo5rNMUHIW1tww+rs/krol7U5A1Is/yzWyHVZguuB0lBnIodqyFuwCNqG9aJGyk7xIMS8HG0qGUPz0SA==}
    engines: {node: '>=14.21.3'}
    cpu: [arm64]
    os: [linux]

  '@biomejs/cli-linux-x64-musl@2.0.6':
    resolution: {integrity: sha512-mKHE/e954hR/hSnAcJSjkf4xGqZc/53Kh39HVW1EgO5iFi0JutTN07TSjEMg616julRtfSNJi0KNyxvc30Y4rQ==}
    engines: {node: '>=14.21.3'}
    cpu: [x64]
    os: [linux]

  '@biomejs/cli-linux-x64@2.0.6':
    resolution: {integrity: sha512-geM1MkHTV1Kh2Cs/Xzot9BOF3WBacihw6bkEmxkz4nSga8B9/hWy5BDiOG3gHDGIBa8WxT0nzsJs2f/hPqQIQw==}
    engines: {node: '>=14.21.3'}
    cpu: [x64]
    os: [linux]

  '@biomejs/cli-win32-arm64@2.0.6':
    resolution: {integrity: sha512-290V4oSFoKaprKE1zkYVsDfAdn0An5DowZ+GIABgjoq1ndhvNxkJcpxPsiYtT7slbVe3xmlT0ncdfOsN7KruzA==}
    engines: {node: '>=14.21.3'}
    cpu: [arm64]
    os: [win32]

  '@biomejs/cli-win32-x64@2.0.6':
    resolution: {integrity: sha512-bfM1Bce0d69Ao7pjTjUS+AWSZ02+5UHdiAP85Th8e9yV5xzw6JrHXbL5YWlcEKQ84FIZMdDc7ncuti1wd2sdbw==}
    engines: {node: '>=14.21.3'}
    cpu: [x64]
    os: [win32]

  '@dprint/darwin-arm64@0.50.1':
    resolution: {integrity: sha512-NNKf3dxXn567pd/hpCVLHLbC0dI7s3YvQnUEwjRTOAQVMp6O7/ME+Tg1RPGsDP1IB+Y2fIYSM4qmG02zQrqjAQ==}
    cpu: [arm64]
    os: [darwin]

  '@dprint/darwin-x64@0.50.1':
    resolution: {integrity: sha512-PcY75U3UC/0CLOxWzE0zZJZ2PxzUM5AX2baYL1ovgDGCfqO1H0hINiyxfx/8ncGgPojWBkLs+zrcFiGnXx7BQg==}
    cpu: [x64]
    os: [darwin]

  '@dprint/linux-arm64-glibc@0.50.1':
    resolution: {integrity: sha512-q0TOGy9FsoSKsEQ4sIMKyFweF5M8rW1S5OfwJDNRR2TU2riWByU9TKYIZUzg53iuwYKRypr/kJ5kdbl516afRQ==}
    cpu: [arm64]
    os: [linux]

  '@dprint/linux-arm64-musl@0.50.1':
    resolution: {integrity: sha512-XRtxN2cA9rc06WFzzVPDIZYGGLmUXqpVf3F0XhhHV77ikQLJZ5reF4xBOQ+0HjJ/zy8W/HzuGDAHedWyCrRf9g==}
    cpu: [arm64]
    os: [linux]

  '@dprint/linux-riscv64-glibc@0.50.1':
    resolution: {integrity: sha512-vAk/eYhSjA3LJ/yuYgxkHamiK8+m6YdqVBO/Ka+i16VxyjQyOdcMKBkrLCIqSxgyXd6b8raf9wM59HJbaIpoOg==}
    cpu: [riscv64]
    os: [linux]

  '@dprint/linux-x64-glibc@0.50.1':
    resolution: {integrity: sha512-EpW5KLekaq4hXmKBWWtfBgZ244S4C+vFmMOd1YaGi8+f0hmPTJzVWLdIgpO2ZwfPQ5iycaVI/JS514PQmXPOvg==}
    cpu: [x64]
    os: [linux]

  '@dprint/linux-x64-musl@0.50.1':
    resolution: {integrity: sha512-assISBbaKKL8LkjrIy/5tpE157MVW6HbyIKAjTtg3tPNM3lDn1oH3twuGtK9WBsN/VoEP3QMZVauolcUJT/VOg==}
    cpu: [x64]
    os: [linux]

  '@dprint/win32-arm64@0.50.1':
    resolution: {integrity: sha512-ZeaRMQYoFjrsO3lvI1SqzDWDGH1GGXWmNSeXvcFuAf2OgYQJWMBlLotCKiHNJ3uyYneoyhTg2tv9QkApNkZV4Q==}
    cpu: [arm64]
    os: [win32]

  '@dprint/win32-x64@0.50.1':
    resolution: {integrity: sha512-pMm8l/hRZ9zYylKw/yCaYkSV3btYB9UyMDbWqyxNthkQ1gckWrk17VTI6WjwwQuHD4Iaz5JgAYLS36hlUzWkxA==}
    cpu: [x64]
    os: [win32]

  dprint@0.50.1:
    resolution: {integrity: sha512-s+kUyQp2rGpwsM3vVmXySOY3v1NjYyRpKfQZdP4rfNTz6zQuICSO6nqIXNm3YdK1MwNFR/EXSFMuE1YPuulhow==}
    hasBin: true

snapshots:

  '@biomejs/biome@2.0.6':
    optionalDependencies:
      '@biomejs/cli-darwin-arm64': 2.0.6
      '@biomejs/cli-darwin-x64': 2.0.6
      '@biomejs/cli-linux-arm64': 2.0.6
      '@biomejs/cli-linux-arm64-musl': 2.0.6
      '@biomejs/cli-linux-x64': 2.0.6
      '@biomejs/cli-linux-x64-musl': 2.0.6
      '@biomejs/cli-win32-arm64': 2.0.6
      '@biomejs/cli-win32-x64': 2.0.6

  '@biomejs/cli-darwin-arm64@2.0.6':
    optional: true

  '@biomejs/cli-darwin-x64@2.0.6':
    optional: true

  '@biomejs/cli-linux-arm64-musl@2.0.6':
    optional: true

  '@biomejs/cli-linux-arm64@2.0.6':
    optional: true

  '@biomejs/cli-linux-x64-musl@2.0.6':
    optional: true

  '@biomejs/cli-linux-x64@2.0.6':
    optional: true

  '@biomejs/cli-win32-arm64@2.0.6':
    optional: true

  '@biomejs/cli-win32-x64@2.0.6':
    optional: true

  '@dprint/darwin-arm64@0.50.1':
    optional: true

  '@dprint/darwin-x64@0.50.1':
    optional: true

  '@dprint/linux-arm64-glibc@0.50.1':
    optional: true

  '@dprint/linux-arm64-musl@0.50.1':
    optional: true

  '@dprint/linux-riscv64-glibc@0.50.1':
    optional: true

  '@dprint/linux-x64-glibc@0.50.1':
    optional: true

  '@dprint/linux-x64-musl@0.50.1':
    optional: true

  '@dprint/win32-arm64@0.50.1':
    optional: true

  '@dprint/win32-x64@0.50.1':
    optional: true

  dprint@0.50.1:
    optionalDependencies:
      '@dprint/darwin-arm64': 0.50.1
      '@dprint/darwin-x64': 0.50.1
      '@dprint/linux-arm64-glibc': 0.50.1
      '@dprint/linux-arm64-musl': 0.50.1
      '@dprint/linux-riscv64-glibc': 0.50.1
      '@dprint/linux-x64-glibc': 0.50.1
      '@dprint/linux-x64-musl': 0.50.1
      '@dprint/win32-arm64': 0.50.1
      '@dprint/win32-x64': 0.50.1
